PODS:
  - MBProgressHUD (1.2.0)
  - YSHUD (0.1.2):
    - MBProgressHUD

DEPENDENCIES:
  - YSHUD (from `../`)

SPEC REPOS:
  trunk:
    - MBProgressHUD

EXTERNAL SOURCES:
  YSHUD:
    :path: "../"

SPEC CHECKSUMS:
  MBProgressHUD: 3ee5efcc380f6a79a7cc9b363dd669c5e1ae7406
  YSHUD: f85980664467c8187ec20daabc7cf88c3f754485

PODFILE CHECKSUM: 90c2310f7e63292425680db4f17f2f6ee1b2ad6c

COCOAPODS: 1.11.2
