PODS:
  - MBProgressHUD (1.2.0)
  - YSHUD (0.1.4):
    - MBProgressHUD (~> 1.2.0)

DEPENDENCIES:
  - YSHUD (from `../`)

SPEC REPOS:
  trunk:
    - MBProgressHUD

EXTERNAL SOURCES:
  YSHUD:
    :path: "../"

SPEC CHECKSUMS:
  MBProgressHUD: 3ee5efcc380f6a79a7cc9b363dd669c5e1ae7406
  YSHUD: 6b3bd4a1a325bec2bdf7e626ee1086fa8a4ed0d9

PODFILE CHECKSUM: 9947764a3963b9e8add346f44acb59cbc5ce6b13

COCOAPODS: 1.11.2
