PODS:
  - MBProgressHUD (0.9)
  - YSHUD (0.9):
    - MBProgressHUD (= 0.9)

DEPENDENCIES:
  - YSHUD (from `../`)

SPEC REPOS:
  trunk:
    - MBProgressHUD

EXTERNAL SOURCES:
  YSHUD:
    :path: "../"

SPEC CHECKSUMS:
  MBProgressHUD: d8e7ea388dc1549a42e0d219067cf5f2c898fb66
  YSHUD: 47e717f26f6aea7c5a095744ef26955b917a502a

PODFILE CHECKSUM: 9947764a3963b9e8add346f44acb59cbc5ce6b13

COCOAPODS: 1.11.2
